
Microsoft Visual Studio Solution File, Format Version 12.00
# Visual Studio Version 16
VisualStudioVersion = 16.0.31911.196
MinimumVisualStudioVersion = 10.0.40219.1
Project("{FAE04EC0-301F-11D3-BF4B-00C04F79EFBC}") = "Window-Manager", "Window-Manager\Window-Manager.csproj", "{D373FC66-8999-472F-AB7A-7DA43A37739F}"
EndProject
Global
	GlobalSection(SolutionConfigurationPlatforms) = preSolution
		Debug|Any CPU = Debug|Any CPU
		Release|Any CPU = Release|Any CPU
	EndGlobalSection
	GlobalSection(ProjectConfigurationPlatforms) = postSolution
		{D373FC66-8999-472F-AB7A-7DA43A37739F}.Debug|Any CPU.ActiveCfg = Debug|Any CPU
		{D373FC66-8999-472F-AB7A-7DA43A37739F}.Debug|Any CPU.Build.0 = Debug|Any CPU
		{D373FC66-8999-472F-AB7A-7DA43A37739F}.Release|Any CPU.ActiveCfg = Release|Any CPU
		{D373FC66-8999-472F-AB7A-7DA43A37739F}.Release|Any CPU.Build.0 = Release|Any CPU
	EndGlobalSection
	GlobalSection(SolutionProperties) = preSolution
		HideSolutionNode = FALSE
	EndGlobalSection
	GlobalSection(ExtensibilityGlobals) = postSolution
		SolutionGuid = {B1FA1946-B80A-4E24-8B18-214F136871D2}
	EndGlobalSection
EndGlobal
